
Microsoft Visual Studio Solution File, Format Version 12.00
# Visual Studio 14
VisualStudioVersion = 14.0.25123.0
MinimumVisualStudioVersion = 10.0.40219.1
Project("{FAE04EC0-301F-11D3-BF4B-00C04F79EFBC}") = "PSO2ModManager", "PSO2ModManager\PSO2ModManager.csproj", "{DDB68756-90AA-43DB-89C6-7B1A9AFBB98D}"
EndProject
Global
	GlobalSection(SolutionConfigurationPlatforms) = preSolution
		Debug|Any CPU = Debug|Any CPU
		Release|Any CPU = Release|Any CPU
	EndGlobalSection
	GlobalSection(ProjectConfigurationPlatforms) = postSolution
		{DDB68756-90AA-43DB-89C6-7B1A9AFBB98D}.Debug|Any CPU.ActiveCfg = Debug|Any CPU
		{DDB68756-90AA-43DB-89C6-7B1A9AFBB98D}.Debug|Any CPU.Build.0 = Debug|Any CPU
		{DDB68756-90AA-43DB-89C6-7B1A9AFBB98D}.Release|Any CPU.ActiveCfg = Release|Any CPU
		{DDB68756-90AA-43DB-89C6-7B1A9AFBB98D}.Release|Any CPU.Build.0 = Release|Any CPU
	EndGlobalSection
	GlobalSection(SolutionProperties) = preSolution
		HideSolutionNode = FALSE
	EndGlobalSection
EndGlobal
